
Microsoft Visual Studio Solution File, Format Version 12.00
# Visual Studio Version 17
VisualStudioVersion = 17.10.35027.167
MinimumVisualStudioVersion = 10.0.40219.1
Project("{FAE04EC0-301F-11D3-BF4B-00C04F79EFBC}") = "FindTheMole", "FindTheMole\FindTheMole.csproj", "{27C15A51-E9BA-4CBE-A482-5A62D5B6D52F}"
EndProject
Project("{FAE04EC0-301F-11D3-BF4B-00C04F79EFBC}") = "FindTheMole_Lib", "FindTheMole_Lib\FindTheMole_Lib.csproj", "{75C87481-91B3-44FA-BEF1-61F56D641689}"
EndProject
Global
	GlobalSection(SolutionConfigurationPlatforms) = preSolution
		Debug|Any CPU = Debug|Any CPU
		Release|Any CPU = Release|Any CPU
	EndGlobalSection
	GlobalSection(ProjectConfigurationPlatforms) = postSolution
		{27C15A51-E9BA-4CBE-A482-5A62D5B6D52F}.Debug|Any CPU.ActiveCfg = Debug|Any CPU
		{27C15A51-E9BA-4CBE-A482-5A62D5B6D52F}.Debug|Any CPU.Build.0 = Debug|Any CPU
		{27C15A51-E9BA-4CBE-A482-5A62D5B6D52F}.Release|Any CPU.ActiveCfg = Release|Any CPU
		{27C15A51-E9BA-4CBE-A482-5A62D5B6D52F}.Release|Any CPU.Build.0 = Release|Any CPU
		{75C87481-91B3-44FA-BEF1-61F56D641689}.Debug|Any CPU.ActiveCfg = Debug|Any CPU
		{75C87481-91B3-44FA-BEF1-61F56D641689}.Debug|Any CPU.Build.0 = Debug|Any CPU
		{75C87481-91B3-44FA-BEF1-61F56D641689}.Release|Any CPU.ActiveCfg = Release|Any CPU
		{75C87481-91B3-44FA-BEF1-61F56D641689}.Release|Any CPU.Build.0 = Release|Any CPU
	EndGlobalSection
	GlobalSection(SolutionProperties) = preSolution
		HideSolutionNode = FALSE
	EndGlobalSection
	GlobalSection(ExtensibilityGlobals) = postSolution
		SolutionGuid = {E34E2572-4CCC-46E9-9429-E9893D41401D}
	EndGlobalSection
EndGlobal
