
Microsoft Visual Studio Solution File, Format Version 12.00
# Visual Studio Version 17
VisualStudioVersion = 17.14.36414.22
MinimumVisualStudioVersion = 10.0.40219.1
Project("{FAE04EC0-301F-11D3-BF4B-00C04F79EFBC}") = "LeasingManager", "LeasingManager\LeasingManager.csproj", "{047029C9-0DD5-4EBE-9658-449E53A94063}"
EndProject
Project("{FAE04EC0-301F-11D3-BF4B-00C04F79EFBC}") = "LeasingManagerLib", "LeasingManagerLib\LeasingManagerLib.csproj", "{DD9DE1DB-0991-4016-AF88-A791A79E763A}"
EndProject
Project("{FAE04EC0-301F-11D3-BF4B-00C04F79EFBC}") = "LeasingSystemTest", "LasingSystemTest\LeasingSystemTest.csproj", "{0471B8E4-711B-44AC-8DDC-A5EE86AE0D23}"
EndProject
Global
	GlobalSection(SolutionConfigurationPlatforms) = preSolution
		Debug|Any CPU = Debug|Any CPU
		Release|Any CPU = Release|Any CPU
	EndGlobalSection
	GlobalSection(ProjectConfigurationPlatforms) = postSolution
		{047029C9-0DD5-4EBE-9658-449E53A94063}.Debug|Any CPU.ActiveCfg = Debug|Any CPU
		{047029C9-0DD5-4EBE-9658-449E53A94063}.Debug|Any CPU.Build.0 = Debug|Any CPU
		{047029C9-0DD5-4EBE-9658-449E53A94063}.Release|Any CPU.ActiveCfg = Release|Any CPU
		{047029C9-0DD5-4EBE-9658-449E53A94063}.Release|Any CPU.Build.0 = Release|Any CPU
		{DD9DE1DB-0991-4016-AF88-A791A79E763A}.Debug|Any CPU.ActiveCfg = Debug|Any CPU
		{DD9DE1DB-0991-4016-AF88-A791A79E763A}.Debug|Any CPU.Build.0 = Debug|Any CPU
		{DD9DE1DB-0991-4016-AF88-A791A79E763A}.Release|Any CPU.ActiveCfg = Release|Any CPU
		{DD9DE1DB-0991-4016-AF88-A791A79E763A}.Release|Any CPU.Build.0 = Release|Any CPU
		{0471B8E4-711B-44AC-8DDC-A5EE86AE0D23}.Debug|Any CPU.ActiveCfg = Debug|Any CPU
		{0471B8E4-711B-44AC-8DDC-A5EE86AE0D23}.Debug|Any CPU.Build.0 = Debug|Any CPU
		{0471B8E4-711B-44AC-8DDC-A5EE86AE0D23}.Release|Any CPU.ActiveCfg = Release|Any CPU
		{0471B8E4-711B-44AC-8DDC-A5EE86AE0D23}.Release|Any CPU.Build.0 = Release|Any CPU
	EndGlobalSection
	GlobalSection(SolutionProperties) = preSolution
		HideSolutionNode = FALSE
	EndGlobalSection
	GlobalSection(ExtensibilityGlobals) = postSolution
		SolutionGuid = {0D4C0363-7D15-47B0-96A2-E0B983ED6BE8}
	EndGlobalSection
EndGlobal
