
Microsoft Visual Studio Solution File, Format Version 12.00
# Visual Studio Version 17
VisualStudioVersion = 17.14.36414.22 d17.14
MinimumVisualStudioVersion = 10.0.40219.1
Project("{FAE04EC0-301F-11D3-BF4B-00C04F79EFBC}") = "CatteryManager", "CatteryManager\CatteryManager.csproj", "{12108CA3-FAC5-49FA-8CDB-36EC11974739}"
EndProject
Project("{FAE04EC0-301F-11D3-BF4B-00C04F79EFBC}") = "CatteryManagerLib", "CatteryManagerLib\CatteryManagerLib.csproj", "{9EB529E8-92C5-4616-97B3-52ADEB8D5CE8}"
EndProject
Global
	GlobalSection(SolutionConfigurationPlatforms) = preSolution
		Debug|Any CPU = Debug|Any CPU
		Release|Any CPU = Release|Any CPU
	EndGlobalSection
	GlobalSection(ProjectConfigurationPlatforms) = postSolution
		{12108CA3-FAC5-49FA-8CDB-36EC11974739}.Debug|Any CPU.ActiveCfg = Debug|Any CPU
		{12108CA3-FAC5-49FA-8CDB-36EC11974739}.Debug|Any CPU.Build.0 = Debug|Any CPU
		{12108CA3-FAC5-49FA-8CDB-36EC11974739}.Release|Any CPU.ActiveCfg = Release|Any CPU
		{12108CA3-FAC5-49FA-8CDB-36EC11974739}.Release|Any CPU.Build.0 = Release|Any CPU
		{9EB529E8-92C5-4616-97B3-52ADEB8D5CE8}.Debug|Any CPU.ActiveCfg = Debug|Any CPU
		{9EB529E8-92C5-4616-97B3-52ADEB8D5CE8}.Debug|Any CPU.Build.0 = Debug|Any CPU
		{9EB529E8-92C5-4616-97B3-52ADEB8D5CE8}.Release|Any CPU.ActiveCfg = Release|Any CPU
		{9EB529E8-92C5-4616-97B3-52ADEB8D5CE8}.Release|Any CPU.Build.0 = Release|Any CPU
	EndGlobalSection
	GlobalSection(SolutionProperties) = preSolution
		HideSolutionNode = FALSE
	EndGlobalSection
	GlobalSection(ExtensibilityGlobals) = postSolution
		SolutionGuid = {06940B63-664B-483C-8190-D979DF233458}
	EndGlobalSection
EndGlobal
