
Microsoft Visual Studio Solution File, Format Version 12.00
# Visual Studio Version 17
VisualStudioVersion = 17.10.35027.167
MinimumVisualStudioVersion = 10.0.40219.1
Project("{9A19103F-16F7-4668-BE54-9A1E7A4F7556}") = "StatisticDice", "StatisticDice\StatisticDice.csproj", "{7F4E9312-B556-4451-BFC6-80523522FD29}"
EndProject
Project("{9A19103F-16F7-4668-BE54-9A1E7A4F7556}") = "StatistisDiceLib", "StatistisDiceLib\StatistisDiceLib.csproj", "{572FAC8B-4865-42CD-9734-069E8BEC39E5}"
EndProject
Project("{FAE04EC0-301F-11D3-BF4B-00C04F79EFBC}") = "StatistcDiceTest", "StatistcDiceTest\StatistcDiceTest.csproj", "{FE6E0EB8-9978-4FFF-8CBC-16AE32324D5C}"
EndProject
Global
	GlobalSection(SolutionConfigurationPlatforms) = preSolution
		Debug|Any CPU = Debug|Any CPU
		Release|Any CPU = Release|Any CPU
	EndGlobalSection
	GlobalSection(ProjectConfigurationPlatforms) = postSolution
		{7F4E9312-B556-4451-BFC6-80523522FD29}.Debug|Any CPU.ActiveCfg = Debug|Any CPU
		{7F4E9312-B556-4451-BFC6-80523522FD29}.Debug|Any CPU.Build.0 = Debug|Any CPU
		{7F4E9312-B556-4451-BFC6-80523522FD29}.Release|Any CPU.ActiveCfg = Release|Any CPU
		{7F4E9312-B556-4451-BFC6-80523522FD29}.Release|Any CPU.Build.0 = Release|Any CPU
		{572FAC8B-4865-42CD-9734-069E8BEC39E5}.Debug|Any CPU.ActiveCfg = Debug|Any CPU
		{572FAC8B-4865-42CD-9734-069E8BEC39E5}.Debug|Any CPU.Build.0 = Debug|Any CPU
		{572FAC8B-4865-42CD-9734-069E8BEC39E5}.Release|Any CPU.ActiveCfg = Release|Any CPU
		{572FAC8B-4865-42CD-9734-069E8BEC39E5}.Release|Any CPU.Build.0 = Release|Any CPU
		{FE6E0EB8-9978-4FFF-8CBC-16AE32324D5C}.Debug|Any CPU.ActiveCfg = Debug|Any CPU
		{FE6E0EB8-9978-4FFF-8CBC-16AE32324D5C}.Debug|Any CPU.Build.0 = Debug|Any CPU
		{FE6E0EB8-9978-4FFF-8CBC-16AE32324D5C}.Release|Any CPU.ActiveCfg = Release|Any CPU
		{FE6E0EB8-9978-4FFF-8CBC-16AE32324D5C}.Release|Any CPU.Build.0 = Release|Any CPU
	EndGlobalSection
	GlobalSection(SolutionProperties) = preSolution
		HideSolutionNode = FALSE
	EndGlobalSection
	GlobalSection(ExtensibilityGlobals) = postSolution
		SolutionGuid = {C6C4D352-7DBD-4844-8B06-8FE30122DF90}
	EndGlobalSection
EndGlobal
