
Microsoft Visual Studio Solution File, Format Version 12.00
# Visual Studio Version 17
VisualStudioVersion = 17.14.36414.22 d17.14
MinimumVisualStudioVersion = 10.0.40219.1
Project("{FAE04EC0-301F-11D3-BF4B-00C04F79EFBC}") = "SpellArchive", "SpellArchive\SpellArchive.csproj", "{5A37B868-2C39-40C1-831D-5B745FCF9DFD}"
EndProject
Project("{FAE04EC0-301F-11D3-BF4B-00C04F79EFBC}") = "SpellArchiveLib", "SpellArchiveLib\SpellArchiveLib.csproj", "{CA4695F5-24DC-4DC5-B3CD-1CDFFF982184}"
EndProject
Global
	GlobalSection(SolutionConfigurationPlatforms) = preSolution
		Debug|Any CPU = Debug|Any CPU
		Release|Any CPU = Release|Any CPU
	EndGlobalSection
	GlobalSection(ProjectConfigurationPlatforms) = postSolution
		{5A37B868-2C39-40C1-831D-5B745FCF9DFD}.Debug|Any CPU.ActiveCfg = Debug|Any CPU
		{5A37B868-2C39-40C1-831D-5B745FCF9DFD}.Debug|Any CPU.Build.0 = Debug|Any CPU
		{5A37B868-2C39-40C1-831D-5B745FCF9DFD}.Release|Any CPU.ActiveCfg = Release|Any CPU
		{5A37B868-2C39-40C1-831D-5B745FCF9DFD}.Release|Any CPU.Build.0 = Release|Any CPU
		{CA4695F5-24DC-4DC5-B3CD-1CDFFF982184}.Debug|Any CPU.ActiveCfg = Debug|Any CPU
		{CA4695F5-24DC-4DC5-B3CD-1CDFFF982184}.Debug|Any CPU.Build.0 = Debug|Any CPU
		{CA4695F5-24DC-4DC5-B3CD-1CDFFF982184}.Release|Any CPU.ActiveCfg = Release|Any CPU
		{CA4695F5-24DC-4DC5-B3CD-1CDFFF982184}.Release|Any CPU.Build.0 = Release|Any CPU
	EndGlobalSection
	GlobalSection(SolutionProperties) = preSolution
		HideSolutionNode = FALSE
	EndGlobalSection
	GlobalSection(ExtensibilityGlobals) = postSolution
		SolutionGuid = {8424ABD2-612A-4AD5-A1AF-865B8B79EA6D}
	EndGlobalSection
EndGlobal
