
Microsoft Visual Studio Solution File, Format Version 12.00
# Visual Studio Version 17
VisualStudioVersion = 17.10.35027.167
MinimumVisualStudioVersion = 10.0.40219.1
Project("{9A19103F-16F7-4668-BE54-9A1E7A4F7556}") = "PetShopLib", "PetShop\PetShopLib.csproj", "{6249A335-23BA-4FD6-9FA9-19E3D3D4D06D}"
EndProject
Project("{FAE04EC0-301F-11D3-BF4B-00C04F79EFBC}") = "PetShopWPF", "PetShopWPF\PetShopWPF.csproj", "{3669F79E-CCE8-4EE6-BA1D-33E1DADB52E9}"
EndProject
Global
	GlobalSection(SolutionConfigurationPlatforms) = preSolution
		Debug|Any CPU = Debug|Any CPU
		Release|Any CPU = Release|Any CPU
	EndGlobalSection
	GlobalSection(ProjectConfigurationPlatforms) = postSolution
		{6249A335-23BA-4FD6-9FA9-19E3D3D4D06D}.Debug|Any CPU.ActiveCfg = Debug|Any CPU
		{6249A335-23BA-4FD6-9FA9-19E3D3D4D06D}.Debug|Any CPU.Build.0 = Debug|Any CPU
		{6249A335-23BA-4FD6-9FA9-19E3D3D4D06D}.Release|Any CPU.ActiveCfg = Release|Any CPU
		{6249A335-23BA-4FD6-9FA9-19E3D3D4D06D}.Release|Any CPU.Build.0 = Release|Any CPU
		{3669F79E-CCE8-4EE6-BA1D-33E1DADB52E9}.Debug|Any CPU.ActiveCfg = Debug|Any CPU
		{3669F79E-CCE8-4EE6-BA1D-33E1DADB52E9}.Debug|Any CPU.Build.0 = Debug|Any CPU
		{3669F79E-CCE8-4EE6-BA1D-33E1DADB52E9}.Release|Any CPU.ActiveCfg = Release|Any CPU
		{3669F79E-CCE8-4EE6-BA1D-33E1DADB52E9}.Release|Any CPU.Build.0 = Release|Any CPU
	EndGlobalSection
	GlobalSection(SolutionProperties) = preSolution
		HideSolutionNode = FALSE
	EndGlobalSection
	GlobalSection(ExtensibilityGlobals) = postSolution
		SolutionGuid = {EDA0722B-2271-40D3-9D1A-59D6A67A46B6}
	EndGlobalSection
EndGlobal
