
Microsoft Visual Studio Solution File, Format Version 12.00
# Visual Studio Version 17
VisualStudioVersion = 17.12.35707.178 d17.12
MinimumVisualStudioVersion = 10.0.40219.1
Project("{FAE04EC0-301F-11D3-BF4B-00C04F79EFBC}") = "SUPERFIGHT", "SUPERFIGHT\SUPERFIGHT.csproj", "{0C3E9F5D-25BC-4904-BE17-634268D09BA9}"
EndProject
Project("{FAE04EC0-301F-11D3-BF4B-00C04F79EFBC}") = "libSUPERFIGHT", "libSUPERFIGHT\libSUPERFIGHT.csproj", "{D76DE452-C5B7-42B8-8EBF-9F50F4C3101D}"
EndProject
Global
	GlobalSection(SolutionConfigurationPlatforms) = preSolution
		Debug|Any CPU = Debug|Any CPU
		Release|Any CPU = Release|Any CPU
	EndGlobalSection
	GlobalSection(ProjectConfigurationPlatforms) = postSolution
		{0C3E9F5D-25BC-4904-BE17-634268D09BA9}.Debug|Any CPU.ActiveCfg = Debug|Any CPU
		{0C3E9F5D-25BC-4904-BE17-634268D09BA9}.Debug|Any CPU.Build.0 = Debug|Any CPU
		{0C3E9F5D-25BC-4904-BE17-634268D09BA9}.Release|Any CPU.ActiveCfg = Release|Any CPU
		{0C3E9F5D-25BC-4904-BE17-634268D09BA9}.Release|Any CPU.Build.0 = Release|Any CPU
		{D76DE452-C5B7-42B8-8EBF-9F50F4C3101D}.Debug|Any CPU.ActiveCfg = Debug|Any CPU
		{D76DE452-C5B7-42B8-8EBF-9F50F4C3101D}.Debug|Any CPU.Build.0 = Debug|Any CPU
		{D76DE452-C5B7-42B8-8EBF-9F50F4C3101D}.Release|Any CPU.ActiveCfg = Release|Any CPU
		{D76DE452-C5B7-42B8-8EBF-9F50F4C3101D}.Release|Any CPU.Build.0 = Release|Any CPU
	EndGlobalSection
	GlobalSection(SolutionProperties) = preSolution
		HideSolutionNode = FALSE
	EndGlobalSection
EndGlobal
