
Microsoft Visual Studio Solution File, Format Version 12.00
# Visual Studio Version 17
VisualStudioVersion = 17.10.35027.167
MinimumVisualStudioVersion = 10.0.40219.1
Project("{9A19103F-16F7-4668-BE54-9A1E7A4F7556}") = "MasterMind-DiMasi-Senni", "MasterMind-DiMasi-Senni\MasterMind-DiMasi-Senni.csproj", "{7A45C31B-FBA4-43E9-9FC0-78614396EABE}"
EndProject
Project("{9A19103F-16F7-4668-BE54-9A1E7A4F7556}") = "MastermindLib", "MastermindLib\MastermindLib.csproj", "{9955E5CC-8025-4801-A4F5-8229D0B6641B}"
EndProject
Project("{9A19103F-16F7-4668-BE54-9A1E7A4F7556}") = "MastermindLibTest", "MastermindLibTest\MastermindLibTest.csproj", "{4C05972E-5F96-41AE-BB5D-1420490E9E5C}"
EndProject
Project("{FAE04EC0-301F-11D3-BF4B-00C04F79EFBC}") = "MastermindProgram", "MastermindProgram\MastermindProgram.csproj", "{DDD20E17-6609-4AF6-9193-77FBD888958E}"
EndProject
Global
	GlobalSection(SolutionConfigurationPlatforms) = preSolution
		Debug|Any CPU = Debug|Any CPU
		Release|Any CPU = Release|Any CPU
	EndGlobalSection
	GlobalSection(ProjectConfigurationPlatforms) = postSolution
		{7A45C31B-FBA4-43E9-9FC0-78614396EABE}.Debug|Any CPU.ActiveCfg = Debug|Any CPU
		{7A45C31B-FBA4-43E9-9FC0-78614396EABE}.Debug|Any CPU.Build.0 = Debug|Any CPU
		{7A45C31B-FBA4-43E9-9FC0-78614396EABE}.Release|Any CPU.ActiveCfg = Release|Any CPU
		{7A45C31B-FBA4-43E9-9FC0-78614396EABE}.Release|Any CPU.Build.0 = Release|Any CPU
		{9955E5CC-8025-4801-A4F5-8229D0B6641B}.Debug|Any CPU.ActiveCfg = Debug|Any CPU
		{9955E5CC-8025-4801-A4F5-8229D0B6641B}.Debug|Any CPU.Build.0 = Debug|Any CPU
		{9955E5CC-8025-4801-A4F5-8229D0B6641B}.Release|Any CPU.ActiveCfg = Release|Any CPU
		{9955E5CC-8025-4801-A4F5-8229D0B6641B}.Release|Any CPU.Build.0 = Release|Any CPU
		{4C05972E-5F96-41AE-BB5D-1420490E9E5C}.Debug|Any CPU.ActiveCfg = Debug|Any CPU
		{4C05972E-5F96-41AE-BB5D-1420490E9E5C}.Debug|Any CPU.Build.0 = Debug|Any CPU
		{4C05972E-5F96-41AE-BB5D-1420490E9E5C}.Release|Any CPU.ActiveCfg = Release|Any CPU
		{4C05972E-5F96-41AE-BB5D-1420490E9E5C}.Release|Any CPU.Build.0 = Release|Any CPU
		{DDD20E17-6609-4AF6-9193-77FBD888958E}.Debug|Any CPU.ActiveCfg = Debug|Any CPU
		{DDD20E17-6609-4AF6-9193-77FBD888958E}.Debug|Any CPU.Build.0 = Debug|Any CPU
		{DDD20E17-6609-4AF6-9193-77FBD888958E}.Release|Any CPU.ActiveCfg = Release|Any CPU
		{DDD20E17-6609-4AF6-9193-77FBD888958E}.Release|Any CPU.Build.0 = Release|Any CPU
	EndGlobalSection
	GlobalSection(SolutionProperties) = preSolution
		HideSolutionNode = FALSE
	EndGlobalSection
	GlobalSection(ExtensibilityGlobals) = postSolution
		SolutionGuid = {4F2A4471-9B21-4BF8-96C2-09F5E9021F9D}
	EndGlobalSection
EndGlobal
