
Microsoft Visual Studio Solution File, Format Version 12.00
# Visual Studio Version 17
VisualStudioVersion = 17.13.35828.75 d17.13
MinimumVisualStudioVersion = 10.0.40219.1
Project("{FAE04EC0-301F-11D3-BF4B-00C04F79EFBC}") = "VERIFICA_TEORIA_DIMASI", "VERIFICA_TEORIA_DIMASI\VERIFICA_TEORIA_DIMASI.csproj", "{D4D43E9D-1746-47A3-95E9-0FDA62C395DD}"
EndProject
Project("{FAE04EC0-301F-11D3-BF4B-00C04F79EFBC}") = "TorneoTest", "TorneoTest\TorneoTest.csproj", "{D37650AC-73A4-4C7C-A895-EEADD96DAF16}"
EndProject
Global
	GlobalSection(SolutionConfigurationPlatforms) = preSolution
		Debug|Any CPU = Debug|Any CPU
		Release|Any CPU = Release|Any CPU
	EndGlobalSection
	GlobalSection(ProjectConfigurationPlatforms) = postSolution
		{D4D43E9D-1746-47A3-95E9-0FDA62C395DD}.Debug|Any CPU.ActiveCfg = Debug|Any CPU
		{D4D43E9D-1746-47A3-95E9-0FDA62C395DD}.Debug|Any CPU.Build.0 = Debug|Any CPU
		{D4D43E9D-1746-47A3-95E9-0FDA62C395DD}.Release|Any CPU.ActiveCfg = Release|Any CPU
		{D4D43E9D-1746-47A3-95E9-0FDA62C395DD}.Release|Any CPU.Build.0 = Release|Any CPU
		{D37650AC-73A4-4C7C-A895-EEADD96DAF16}.Debug|Any CPU.ActiveCfg = Debug|Any CPU
		{D37650AC-73A4-4C7C-A895-EEADD96DAF16}.Debug|Any CPU.Build.0 = Debug|Any CPU
		{D37650AC-73A4-4C7C-A895-EEADD96DAF16}.Release|Any CPU.ActiveCfg = Release|Any CPU
		{D37650AC-73A4-4C7C-A895-EEADD96DAF16}.Release|Any CPU.Build.0 = Release|Any CPU
	EndGlobalSection
	GlobalSection(SolutionProperties) = preSolution
		HideSolutionNode = FALSE
	EndGlobalSection
	GlobalSection(ExtensibilityGlobals) = postSolution
		SolutionGuid = {9B2CF9AB-B1CB-4D52-ADF7-25E43C5D510F}
	EndGlobalSection
EndGlobal
